// !$*UTF8*$!
{
	archiveVersion = 1;
	classes = {
	};
	objectVersion = 50;
	objects = {

/* Begin PBXBuildFile section */
		0979A74FA3FFA29B5D246EC0 /* Pods_MVBSwift.framework in Frameworks */ = {isa = PBXBuildFile; fileRef = D0FF273BB78973C448E9EF72 /* Pods_MVBSwift.framework */; };
		CD31DA48250A0A2F005C0725 /* AppDelegate.swift in Sources */ = {isa = PBXBuildFile; fileRef = CD31DA47250A0A2F005C0725 /* AppDelegate.swift */; };
		CD31DA4A250A0A2F005C0725 /* SceneDelegate.swift in Sources */ = {isa = PBXBuildFile; fileRef = CD31DA49250A0A2F005C0725 /* SceneDelegate.swift */; };
		CD31DA4C250A0A2F005C0725 /* ViewController.swift in Sources */ = {isa = PBXBuildFile; fileRef = CD31DA4B250A0A2F005C0725 /* ViewController.swift */; };
		CD31DA4F250A0A2F005C0725 /* Main.storyboard in Resources */ = {isa = PBXBuildFile; fileRef = CD31DA4D250A0A2F005C0725 /* Main.storyboard */; };
		CD31DA51250A0A34005C0725 /* Assets.xcassets in Resources */ = {isa = PBXBuildFile; fileRef = CD31DA50250A0A34005C0725 /* Assets.xcassets */; };
		CD31DA54250A0A34005C0725 /* LaunchScreen.storyboard in Resources */ = {isa = PBXBuildFile; fileRef = CD31DA52250A0A34005C0725 /* LaunchScreen.storyboard */; };
/* End PBXBuildFile section */

/* Begin PBXFileReference section */
		CCA8770CCC55AE99AD281D50 /* Pods-MVBSwift.debug.xcconfig */ = {isa = PBXFileReference; includeInIndex = 1; lastKnownFileType = text.xcconfig; name = "Pods-MVBSwift.debug.xcconfig"; path = "Target Support Files/Pods-MVBSwift/Pods-MVBSwift.debug.xcconfig"; sourceTree = "<group>"; };
		CD31DA44250A0A2F005C0725 /* MVBSwift.app */ = {isa = PBXFileReference; explicitFileType = wrapper.application; includeInIndex = 0; path = MVBSwift.app; sourceTree = BUILT_PRODUCTS_DIR; };
		CD31DA47250A0A2F005C0725 /* AppDelegate.swift */ = {isa = PBXFileReference; lastKnownFileType = sourcecode.swift; path = AppDelegate.swift; sourceTree = "<group>"; };
		CD31DA49250A0A2F005C0725 /* SceneDelegate.swift */ = {isa = PBXFileReference; lastKnownFileType = sourcecode.swift; path = SceneDelegate.swift; sourceTree = "<group>"; };
		CD31DA4B250A0A2F005C0725 /* ViewController.swift */ = {isa = PBXFileReference; lastKnownFileType = sourcecode.swift; path = ViewController.swift; sourceTree = "<group>"; };
		CD31DA4E250A0A2F005C0725 /* Base */ = {isa = PBXFileReference; lastKnownFileType = file.storyboard; name = Base; path = Base.lproj/Main.storyboard; sourceTree = "<group>"; };
		CD31DA50250A0A34005C0725 /* Assets.xcassets */ = {isa = PBXFileReference; lastKnownFileType = folder.assetcatalog; path = Assets.xcassets; sourceTree = "<group>"; };
		CD31DA53250A0A34005C0725 /* Base */ = {isa = PBXFileReference; lastKnownFileType = file.storyboard; name = Base; path = Base.lproj/LaunchScreen.storyboard; sourceTree = "<group>"; };
		CD31DA55250A0A34005C0725 /* Info.plist */ = {isa = PBXFileReference; lastKnownFileType = text.plist.xml; path = Info.plist; sourceTree = "<group>"; };
		D0FF273BB78973C448E9EF72 /* Pods_MVBSwift.framework */ = {isa = PBXFileReference; explicitFileType = wrapper.framework; includeInIndex = 0; path = Pods_MVBSwift.framework; sourceTree = BUILT_PRODUCTS_DIR; };
		FAA101466BE15D3331D0F38B /* Pods-MVBSwift.release.xcconfig */ = {isa = PBXFileReference; includeInIndex = 1; lastKnownFileType = text.xcconfig; name = "Pods-MVBSwift.release.xcconfig"; path = "Target Support Files/Pods-MVBSwift/Pods-MVBSwift.release.xcconfig"; sourceTree = "<group>"; };
/* End PBXFileReference section */

/* Begin PBXFrameworksBuildPhase section */
		CD31DA41250A0A2F005C0725 /* Frameworks */ = {
			isa = PBXFrameworksBuildPhase;
			buildActionMask = 2147483647;
			files = (
				0979A74FA3FFA29B5D246EC0 /* Pods_MVBSwift.framework in Frameworks */,
			);
			runOnlyForDeploymentPostprocessing = 0;
		};
/* End PBXFrameworksBuildPhase section */

/* Begin PBXGroup section */
		9366435AA80A9ED9A2341746 /* Frameworks */ = {
			isa = PBXGroup;
			children = (
				D0FF273BB78973C448E9EF72 /* Pods_MVBSwift.framework */,
			);
			name = Frameworks;
			sourceTree = "<group>";
		};
		97F5B9B223E3180E1273B00B /* Pods */ = {
			isa = PBXGroup;
			children = (
				CCA8770CCC55AE99AD281D50 /* Pods-MVBSwift.debug.xcconfig */,
				FAA101466BE15D3331D0F38B /* Pods-MVBSwift.release.xcconfig */,
			);
			name = Pods;
			path = Pods;
			sourceTree = "<group>";
		};
		CD31DA3B250A0A2F005C0725 = {
			isa = PBXGroup;
			children = (
				CD31DA46250A0A2F005C0725 /* MVBSwift */,
				CD31DA45250A0A2F005C0725 /* Products */,
				97F5B9B223E3180E1273B00B /* Pods */,
				9366435AA80A9ED9A2341746 /* Frameworks */,
			);
			sourceTree = "<group>";
		};
		CD31DA45250A0A2F005C0725 /* Products */ = {
			isa = PBXGroup;
			children = (
				CD31DA44250A0A2F005C0725 /* MVBSwift.app */,
			);
			name = Products;
			sourceTree = "<group>";
		};
		CD31DA46250A0A2F005C0725 /* MVBSwift */ = {
			isa = PBXGroup;
			children = (
				CD31DA47250A0A2F005C0725 /* AppDelegate.swift */,
				CD31DA49250A0A2F005C0725 /* SceneDelegate.swift */,
				CD31DA4B250A0A2F005C0725 /* ViewController.swift */,
				CD31DA4D250A0A2F005C0725 /* Main.storyboard */,
				CD31DA50250A0A34005C0725 /* Assets.xcassets */,
				CD31DA52250A0A34005C0725 /* LaunchScreen.storyboard */,
				CD31DA55250A0A34005C0725 /* Info.plist */,
			);
			path = MVBSwift;
			sourceTree = "<group>";
		};
/* End PBXGroup section */

/* Begin PBXNativeTarget section */
		CD31DA43250A0A2F005C0725 /* MVBSwift */ = {
			isa = PBXNativeTarget;
			buildConfigurationList = CD31DA58250A0A34005C0725 /* Build configuration list for PBXNativeTarget "MVBSwift" */;
			buildPhases = (
				79DAA14D319F62E1D6DA0D82 /* [CP] Check Pods Manifest.lock */,
				CD31DA40250A0A2F005C0725 /* Sources */,
				CD31DA41250A0A2F005C0725 /* Frameworks */,
				CD31DA42250A0A2F005C0725 /* Resources */,
				4C290E298CF450195BBED602 /* [CP] Embed Pods Frameworks */,
			);
			buildRules = (
			);
			dependencies = (
			);
			name = MVBSwift;
			productName = MVBSwift;
			productReference = CD31DA44250A0A2F005C0725 /* MVBSwift.app */;
			productType = "com.apple.product-type.application";
		};
/* End PBXNativeTarget section */

/* Begin PBXProject section */
		CD31DA3C250A0A2F005C0725 /* Project object */ = {
			isa = PBXProject;
			attributes = {
				LastSwiftUpdateCheck = 1170;
				LastUpgradeCheck = 1170;
				ORGANIZATIONNAME = Mo;
				TargetAttributes = {
					CD31DA43250A0A2F005C0725 = {
						CreatedOnToolsVersion = 11.7;
					};
				};
			};
			buildConfigurationList = CD31DA3F250A0A2F005C0725 /* Build configuration list for PBXProject "MVBSwift" */;
			compatibilityVersion = "Xcode 9.3";
			developmentRegion = en;
			hasScannedForEncodings = 0;
			knownRegions = (
				en,
				Base,
			);
			mainGroup = CD31DA3B250A0A2F005C0725;
			productRefGroup = CD31DA45250A0A2F005C0725 /* Products */;
			projectDirPath = "";
			projectRoot = "";
			targets = (
				CD31DA43250A0A2F005C0725 /* MVBSwift */,
			);
		};
/* End PBXProject section */

/* Begin PBXResourcesBuildPhase section */
		CD31DA42250A0A2F005C0725 /* Resources */ = {
			isa = PBXResourcesBuildPhase;
			buildActionMask = 2147483647;
			files = (
				CD31DA54250A0A34005C0725 /* LaunchScreen.storyboard in Resources */,
				CD31DA51250A0A34005C0725 /* Assets.xcassets in Resources */,
				CD31DA4F250A0A2F005C0725 /* Main.storyboard in Resources */,
			);
			runOnlyForDeploymentPostprocessing = 0;
		};
/* End PBXResourcesBuildPhase section */

/* Begin PBXShellScriptBuildPhase section */
		4C290E298CF450195BBED602 /* [CP] Embed Pods Frameworks */ = {
			isa = PBXShellScriptBuildPhase;
			buildActionMask = 2147483647;
			files = (
			);
			inputFileListPaths = (
				"${PODS_ROOT}/Target Support Files/Pods-MVBSwift/Pods-MVBSwift-frameworks-${CONFIGURATION}-input-files.xcfilelist",
			);
			name = "[CP] Embed Pods Frameworks";
			outputFileListPaths = (
				"${PODS_ROOT}/Target Support Files/Pods-MVBSwift/Pods-MVBSwift-frameworks-${CONFIGURATION}-output-files.xcfilelist",
			);
			runOnlyForDeploymentPostprocessing = 0;
			shellPath = /bin/sh;
			shellScript = "\"${PODS_ROOT}/Target Support Files/Pods-MVBSwift/Pods-MVBSwift-frameworks.sh\"\n";
			showEnvVarsInLog = 0;
		};
		79DAA14D319F62E1D6DA0D82 /* [CP] Check Pods Manifest.lock */ = {
			isa = PBXShellScriptBuildPhase;
			buildActionMask = 2147483647;
			files = (
			);
			inputFileListPaths = (
			);
			inputPaths = (
				"${PODS_PODFILE_DIR_PATH}/Podfile.lock",
				"${PODS_ROOT}/Manifest.lock",
			);
			name = "[CP] Check Pods Manifest.lock";
			outputFileListPaths = (
			);
			outputPaths = (
				"$(DERIVED_FILE_DIR)/Pods-MVBSwift-checkManifestLockResult.txt",
			);
			runOnlyForDeploymentPostprocessing = 0;
			shellPath = /bin/sh;
			shellScript = "diff \"${PODS_PODFILE_DIR_PATH}/Podfile.lock\" \"${PODS_ROOT}/Manifest.lock\" > /dev/null\nif [ $? != 0 ] ; then\n    # print error to STDERR\n    echo \"error: The sandbox is not in sync with the Podfile.lock. Run 'pod install' or update your CocoaPods installation.\" >&2\n    exit 1\nfi\n# This output is used by Xcode 'outputs' to avoid re-running this script phase.\necho \"SUCCESS\" > \"${SCRIPT_OUTPUT_FILE_0}\"\n";
			showEnvVarsInLog = 0;
		};
/* End PBXShellScriptBuildPhase section */

/* Begin PBXSourcesBuildPhase section */
		CD31DA40250A0A2F005C0725 /* Sources */ = {
			isa = PBXSourcesBuildPhase;
			buildActionMask = 2147483647;
			files = (
				CD31DA4C250A0A2F005C0725 /* ViewController.swift in Sources */,
				CD31DA48250A0A2F005C0725 /* AppDelegate.swift in Sources */,
				CD31DA4A250A0A2F005C0725 /* SceneDelegate.swift in Sources */,
			);
			runOnlyForDeploymentPostprocessing = 0;
		};
/* End PBXSourcesBuildPhase section */

/* Begin PBXVariantGroup section */
		CD31DA4D250A0A2F005C0725 /* Main.storyboard */ = {
			isa = PBXVariantGroup;
			children = (
				CD31DA4E250A0A2F005C0725 /* Base */,
			);
			name = Main.storyboard;
			sourceTree = "<group>";
		};
		CD31DA52250A0A34005C0725 /* LaunchScreen.storyboard */ = {
			isa = PBXVariantGroup;
			children = (
				CD31DA53250A0A34005C0725 /* Base */,
			);
			name = LaunchScreen.storyboard;
			sourceTree = "<group>";
		};
/* End PBXVariantGroup section */

/* Begin XCBuildConfiguration section */
		CD31DA56250A0A34005C0725 /* Debug */ = {
			isa = XCBuildConfiguration;
			buildSettings = {
				ALWAYS_SEARCH_USER_PATHS = NO;
				CLANG_ANALYZER_NONNULL = YES;
				CLANG_ANALYZER_NUMBER_OBJECT_CONVERSION = YES_AGGRESSIVE;
				CLANG_CXX_LANGUAGE_STANDARD = "gnu++14";
				CLANG_CXX_LIBRARY = "libc++";
				CLANG_ENABLE_MODULES = YES;
				CLANG_ENABLE_OBJC_ARC = YES;
				CLANG_ENABLE_OBJC_WEAK = YES;
				CLANG_WARN_BLOCK_CAPTURE_AUTORELEASING = YES;
				CLANG_WARN_BOOL_CONVERSION = YES;
				CLANG_WARN_COMMA = YES;
				CLANG_WARN_CONSTANT_CONVERSION = YES;
				CLANG_WARN_DEPRECATED_OBJC_IMPLEMENTATIONS = YES;
				CLANG_WARN_DIRECT_OBJC_ISA_USAGE = YES_ERROR;
				CLANG_WARN_DOCUMENTATION_COMMENTS = YES;
				CLANG_WARN_EMPTY_BODY = YES;
				CLANG_WARN_ENUM_CONVERSION = YES;
				CLANG_WARN_INFINITE_RECURSION = YES;
				CLANG_WARN_INT_CONVERSION = YES;
				CLANG_WARN_NON_LITERAL_NULL_CONVERSION = YES;
				CLANG_WARN_OBJC_IMPLICIT_RETAIN_SELF = YES;
				CLANG_WARN_OBJC_LITERAL_CONVERSION = YES;
				CLANG_WARN_OBJC_ROOT_CLASS = YES_ERROR;
				CLANG_WARN_RANGE_LOOP_ANALYSIS = YES;
				CLANG_WARN_STRICT_PROTOTYPES = YES;
				CLANG_WARN_SUSPICIOUS_MOVE = YES;
				CLANG_WARN_UNGUARDED_AVAILABILITY = YES_AGGRESSIVE;
				CLANG_WARN_UNREACHABLE_CODE = YES;
				CLANG_WARN__DUPLICATE_METHOD_MATCH = YES;
				COPY_PHASE_STRIP = NO;
				DEBUG_INFORMATION_FORMAT = dwarf;
				ENABLE_STRICT_OBJC_MSGSEND = YES;
				ENABLE_TESTABILITY = YES;
				GCC_C_LANGUAGE_STANDARD = gnu11;
				GCC_DYNAMIC_NO_PIC = NO;
				GCC_NO_COMMON_BLOCKS = YES;
				GCC_OPTIMIZATION_LEVEL = 0;
				GCC_PREPROCESSOR_DEFINITIONS = (
					"DEBUG=1",
					"$(inherited)",
				);
				GCC_WARN_64_TO_32_BIT_CONVERSION = YES;
				GCC_WARN_ABOUT_RETURN_TYPE = YES_ERROR;
				GCC_WARN_UNDECLARED_SELECTOR = YES;
				GCC_WARN_UNINITIALIZED_AUTOS = YES_AGGRESSIVE;
				GCC_WARN_UNUSED_FUNCTION = YES;
				GCC_WARN_UNUSED_VARIABLE = YES;
				IPHONEOS_DEPLOYMENT_TARGET = 13.0;
				MTL_ENABLE_DEBUG_INFO = INCLUDE_SOURCE;
				MTL_FAST_MATH = YES;
				ONLY_ACTIVE_ARCH = YES;
				SDKROOT = iphoneos;
				SWIFT_ACTIVE_COMPILATION_CONDITIONS = DEBUG;
				SWIFT_OPTIMIZATION_LEVEL = "-Onone";
			};
			name = Debug;
		};
		CD31DA57250A0A34005C0725 /* Release */ = {
			isa = XCBuildConfiguration;
			buildSettings = {
				ALWAYS_SEARCH_USER_PATHS = NO;
				CLANG_ANALYZER_NONNULL = YES;
				CLANG_ANALYZER_NUMBER_OBJECT_CONVERSION = YES_AGGRESSIVE;
				CLANG_CXX_LANGUAGE_STANDARD = "gnu++14";
				CLANG_CXX_LIBRARY = "libc++";
				CLANG_ENABLE_MODULES = YES;
				CLANG_ENABLE_OBJC_ARC = YES;
				CLANG_ENABLE_OBJC_WEAK = YES;
				CLANG_WARN_BLOCK_CAPTURE_AUTORELEASING = YES;
				CLANG_WARN_BOOL_CONVERSION = YES;
				CLANG_WARN_COMMA = YES;
				CLANG_WARN_CONSTANT_CONVERSION = YES;
				CLANG_WARN_DEPRECATED_OBJC_IMPLEMENTATIONS = YES;
				CLANG_WARN_DIRECT_OBJC_ISA_USAGE = YES_ERROR;
				CLANG_WARN_DOCUMENTATION_COMMENTS = YES;
				CLANG_WARN_EMPTY_BODY = YES;
				CLANG_WARN_ENUM_CONVERSION = YES;
				CLANG_WARN_INFINITE_RECURSION = YES;
				CLANG_WARN_INT_CONVERSION = YES;
				CLANG_WARN_NON_LITERAL_NULL_CONVERSION = YES;
				CLANG_WARN_OBJC_IMPLICIT_RETAIN_SELF = YES;
				CLANG_WARN_OBJC_LITERAL_CONVERSION = YES;
				CLANG_WARN_OBJC_ROOT_CLASS = YES_ERROR;
				CLANG_WARN_RANGE_LOOP_ANALYSIS = YES;
				CLANG_WARN_STRICT_PROTOTYPES = YES;
				CLANG_WARN_SUSPICIOUS_MOVE = YES;
				CLANG_WARN_UNGUARDED_AVAILABILITY = YES_AGGRESSIVE;
				CLANG_WARN_UNREACHABLE_CODE = YES;
				CLANG_WARN__DUPLICATE_METHOD_MATCH = YES;
				COPY_PHASE_STRIP = NO;
				DEBUG_INFORMATION_FORMAT = "dwarf-with-dsym";
				ENABLE_NS_ASSERTIONS = NO;
				ENABLE_STRICT_OBJC_MSGSEND = YES;
				GCC_C_LANGUAGE_STANDARD = gnu11;
				GCC_NO_COMMON_BLOCKS = YES;
				GCC_WARN_64_TO_32_BIT_CONVERSION = YES;
				GCC_WARN_ABOUT_RETURN_TYPE = YES_ERROR;
				GCC_WARN_UNDECLARED_SELECTOR = YES;
				GCC_WARN_UNINITIALIZED_AUTOS = YES_AGGRESSIVE;
				GCC_WARN_UNUSED_FUNCTION = YES;
				GCC_WARN_UNUSED_VARIABLE = YES;
				IPHONEOS_DEPLOYMENT_TARGET = 13.0;
				MTL_ENABLE_DEBUG_INFO = NO;
				MTL_FAST_MATH = YES;
				SDKROOT = iphoneos;
				SWIFT_COMPILATION_MODE = wholemodule;
				SWIFT_OPTIMIZATION_LEVEL = "-O";
				VALIDATE_PRODUCT = YES;
			};
			name = Release;
		};
		CD31DA59250A0A34005C0725 /* Debug */ = {
			isa = XCBuildConfiguration;
			baseConfigurationReference = CCA8770CCC55AE99AD281D50 /* Pods-MVBSwift.debug.xcconfig */;
			buildSettings = {
				ASSETCATALOG_COMPILER_APPICON_NAME = AppIcon;
				CODE_SIGN_STYLE = Automatic;
				DEVELOPMENT_TEAM = T265XVEUYV;
				INFOPLIST_FILE = MVBSwift/Info.plist;
				IPHONEOS_DEPLOYMENT_TARGET = 13.0;
				LD_RUNPATH_SEARCH_PATHS = (
					"$(inherited)",
					"@executable_path/Frameworks",
				);
				PRODUCT_BUNDLE_IDENTIFIER = M.MVBSwift;
				PRODUCT_NAME = "$(TARGET_NAME)";
				SWIFT_VERSION = 5.0;
				TARGETED_DEVICE_FAMILY = "1,2";
			};
			name = Debug;
		};
		CD31DA5A250A0A34005C0725 /* Release */ = {
			isa = XCBuildConfiguration;
			baseConfigurationReference = FAA101466BE15D3331D0F38B /* Pods-MVBSwift.release.xcconfig */;
			buildSettings = {
				ASSETCATALOG_COMPILER_APPICON_NAME = AppIcon;
				CODE_SIGN_STYLE = Automatic;
				DEVELOPMENT_TEAM = T265XVEUYV;
				INFOPLIST_FILE = MVBSwift/Info.plist;
				IPHONEOS_DEPLOYMENT_TARGET = 13.0;
				LD_RUNPATH_SEARCH_PATHS = (
					"$(inherited)",
					"@executable_path/Frameworks",
				);
				PRODUCT_BUNDLE_IDENTIFIER = M.MVBSwift;
				PRODUCT_NAME = "$(TARGET_NAME)";
				SWIFT_VERSION = 5.0;
				TARGETED_DEVICE_FAMILY = "1,2";
			};
			name = Release;
		};
/* End XCBuildConfiguration section */

/* Begin XCConfigurationList section */
		CD31DA3F250A0A2F005C0725 /* Build configuration list for PBXProject "MVBSwift" */ = {
			isa = XCConfigurationList;
			buildConfigurations = (
				CD31DA56250A0A34005C0725 /* Debug */,
				CD31DA57250A0A34005C0725 /* Release */,
			);
			defaultConfigurationIsVisible = 0;
			defaultConfigurationName = Release;
		};
		CD31DA58250A0A34005C0725 /* Build configuration list for PBXNativeTarget "MVBSwift" */ = {
			isa = XCConfigurationList;
			buildConfigurations = (
				CD31DA59250A0A34005C0725 /* Debug */,
				CD31DA5A250A0A34005C0725 /* Release */,
			);
			defaultConfigurationIsVisible = 0;
			defaultConfigurationName = Release;
		};
/* End XCConfigurationList section */
	};
	rootObject = CD31DA3C250A0A2F005C0725 /* Project object */;
}
